// !$*UTF8*$!
{
	archiveVersion = 1;
	classes = {
	};
	objectVersion = 50;
	objects = {

/* Begin PBXBuildFile section */
		3922FF0126A233E4006EDCD4 /* VideoConcatApp.swift in Sources */ = {isa = PBXBuildFile; fileRef = 3922FF0026A233E4006EDCD4 /* VideoConcatApp.swift */; };
		3922FF0326A233E4006EDCD4 /* ContentView.swift in Sources */ = {isa = PBXBuildFile; fileRef = 3922FF0226A233E4006EDCD4 /* ContentView.swift */; };
		3922FF0526A233E5006EDCD4 /* Assets.xcassets in Resources */ = {isa = PBXBuildFile; fileRef = 3922FF0426A233E5006EDCD4 /* Assets.xcassets */; };
		3922FF0826A233E5006EDCD4 /* Preview Assets.xcassets in Resources */ = {isa = PBXBuildFile; fileRef = 3922FF0726A233E5006EDCD4 /* Preview Assets.xcassets */; };
		3922FF1126A2449C006EDCD4 /* FileView.swift in Sources */ = {isa = PBXBuildFile; fileRef = 3922FF1026A2449C006EDCD4 /* FileView.swift */; };
		3922FF1326A24A50006EDCD4 /* VideoFile.swift in Sources */ = {isa = PBXBuildFile; fileRef = 3922FF1226A24A50006EDCD4 /* VideoFile.swift */; };
/* End PBXBuildFile section */

/* Begin PBXFileReference section */
		3922FEFD26A233E4006EDCD4 /* VideoConcat.app */ = {isa = PBXFileReference; explicitFileType = wrapper.application; includeInIndex = 0; path = VideoConcat.app; sourceTree = BUILT_PRODUCTS_DIR; };
		3922FF0026A233E4006EDCD4 /* VideoConcatApp.swift */ = {isa = PBXFileReference; lastKnownFileType = sourcecode.swift; path = VideoConcatApp.swift; sourceTree = "<group>"; };
		3922FF0226A233E4006EDCD4 /* ContentView.swift */ = {isa = PBXFileReference; lastKnownFileType = sourcecode.swift; path = ContentView.swift; sourceTree = "<group>"; };
		3922FF0426A233E5006EDCD4 /* Assets.xcassets */ = {isa = PBXFileReference; lastKnownFileType = folder.assetcatalog; path = Assets.xcassets; sourceTree = "<group>"; };
		3922FF0726A233E5006EDCD4 /* Preview Assets.xcassets */ = {isa = PBXFileReference; lastKnownFileType = folder.assetcatalog; path = "Preview Assets.xcassets"; sourceTree = "<group>"; };
		3922FF0926A233E5006EDCD4 /* Info.plist */ = {isa = PBXFileReference; lastKnownFileType = text.plist.xml; path = Info.plist; sourceTree = "<group>"; };
		3922FF0A26A233E5006EDCD4 /* VideoConcat.entitlements */ = {isa = PBXFileReference; lastKnownFileType = text.plist.entitlements; path = VideoConcat.entitlements; sourceTree = "<group>"; };
		3922FF1026A2449C006EDCD4 /* FileView.swift */ = {isa = PBXFileReference; lastKnownFileType = sourcecode.swift; path = FileView.swift; sourceTree = "<group>"; };
		3922FF1226A24A50006EDCD4 /* VideoFile.swift */ = {isa = PBXFileReference; lastKnownFileType = sourcecode.swift; path = VideoFile.swift; sourceTree = "<group>"; };
/* End PBXFileReference section */

/* Begin PBXFrameworksBuildPhase section */
		3922FEFA26A233E4006EDCD4 /* Frameworks */ = {
			isa = PBXFrameworksBuildPhase;
			buildActionMask = 2147483647;
			files = (
			);
			runOnlyForDeploymentPostprocessing = 0;
		};
/* End PBXFrameworksBuildPhase section */

/* Begin PBXGroup section */
		3922FEF426A233E4006EDCD4 = {
			isa = PBXGroup;
			children = (
				3922FEFF26A233E4006EDCD4 /* VideoConcat */,
				3922FEFE26A233E4006EDCD4 /* Products */,
			);
			sourceTree = "<group>";
		};
		3922FEFE26A233E4006EDCD4 /* Products */ = {
			isa = PBXGroup;
			children = (
				3922FEFD26A233E4006EDCD4 /* VideoConcat.app */,
			);
			name = Products;
			sourceTree = "<group>";
		};
		3922FEFF26A233E4006EDCD4 /* VideoConcat */ = {
			isa = PBXGroup;
			children = (
				3922FF0026A233E4006EDCD4 /* VideoConcatApp.swift */,
				3922FF0226A233E4006EDCD4 /* ContentView.swift */,
				3922FF1226A24A50006EDCD4 /* VideoFile.swift */,
				3922FF1026A2449C006EDCD4 /* FileView.swift */,
				3922FF0426A233E5006EDCD4 /* Assets.xcassets */,
				3922FF0926A233E5006EDCD4 /* Info.plist */,
				3922FF0A26A233E5006EDCD4 /* VideoConcat.entitlements */,
				3922FF0626A233E5006EDCD4 /* Preview Content */,
			);
			path = VideoConcat;
			sourceTree = "<group>";
		};
		3922FF0626A233E5006EDCD4 /* Preview Content */ = {
			isa = PBXGroup;
			children = (
				3922FF0726A233E5006EDCD4 /* Preview Assets.xcassets */,
			);
			path = "Preview Content";
			sourceTree = "<group>";
		};
/* End PBXGroup section */

/* Begin PBXNativeTarget section */
		3922FEFC26A233E4006EDCD4 /* VideoConcat */ = {
			isa = PBXNativeTarget;
			buildConfigurationList = 3922FF0D26A233E5006EDCD4 /* Build configuration list for PBXNativeTarget "VideoConcat" */;
			buildPhases = (
				3922FEF926A233E4006EDCD4 /* Sources */,
				3922FEFA26A233E4006EDCD4 /* Frameworks */,
				3922FEFB26A233E4006EDCD4 /* Resources */,
			);
			buildRules = (
			);
			dependencies = (
			);
			name = VideoConcat;
			productName = VideoConcat;
			productReference = 3922FEFD26A233E4006EDCD4 /* VideoConcat.app */;
			productType = "com.apple.product-type.application";
		};
/* End PBXNativeTarget section */

/* Begin PBXProject section */
		3922FEF526A233E4006EDCD4 /* Project object */ = {
			isa = PBXProject;
			attributes = {
				LastSwiftUpdateCheck = 1250;
				LastUpgradeCheck = 1250;
				TargetAttributes = {
					3922FEFC26A233E4006EDCD4 = {
						CreatedOnToolsVersion = 12.5.1;
					};
				};
			};
			buildConfigurationList = 3922FEF826A233E4006EDCD4 /* Build configuration list for PBXProject "VideoConcat" */;
			compatibilityVersion = "Xcode 9.3";
			developmentRegion = en;
			hasScannedForEncodings = 0;
			knownRegions = (
				en,
				Base,
			);
			mainGroup = 3922FEF426A233E4006EDCD4;
			productRefGroup = 3922FEFE26A233E4006EDCD4 /* Products */;
			projectDirPath = "";
			projectRoot = "";
			targets = (
				3922FEFC26A233E4006EDCD4 /* VideoConcat */,
			);
		};
/* End PBXProject section */

/* Begin PBXResourcesBuildPhase section */
		3922FEFB26A233E4006EDCD4 /* Resources */ = {
			isa = PBXResourcesBuildPhase;
			buildActionMask = 2147483647;
			files = (
				3922FF0826A233E5006EDCD4 /* Preview Assets.xcassets in Resources */,
				3922FF0526A233E5006EDCD4 /* Assets.xcassets in Resources */,
			);
			runOnlyForDeploymentPostprocessing = 0;
		};
/* End PBXResourcesBuildPhase section */

/* Begin PBXSourcesBuildPhase section */
		3922FEF926A233E4006EDCD4 /* Sources */ = {
			isa = PBXSourcesBuildPhase;
			buildActionMask = 2147483647;
			files = (
				3922FF1126A2449C006EDCD4 /* FileView.swift in Sources */,
				3922FF1326A24A50006EDCD4 /* VideoFile.swift in Sources */,
				3922FF0326A233E4006EDCD4 /* ContentView.swift in Sources */,
				3922FF0126A233E4006EDCD4 /* VideoConcatApp.swift in Sources */,
			);
			runOnlyForDeploymentPostprocessing = 0;
		};
/* End PBXSourcesBuildPhase section */

/* Begin XCBuildConfiguration section */
		3922FF0B26A233E5006EDCD4 /* Debug */ = {
			isa = XCBuildConfiguration;
			buildSettings = {
				ALWAYS_SEARCH_USER_PATHS = NO;
				CLANG_ANALYZER_NONNULL = YES;
				CLANG_ANALYZER_NUMBER_OBJECT_CONVERSION = YES_AGGRESSIVE;
				CLANG_CXX_LANGUAGE_STANDARD = "gnu++14";
				CLANG_CXX_LIBRARY = "libc++";
				CLANG_ENABLE_MODULES = YES;
				CLANG_ENABLE_OBJC_ARC = YES;
				CLANG_ENABLE_OBJC_WEAK = YES;
				CLANG_WARN_BLOCK_CAPTURE_AUTORELEASING = YES;
				CLANG_WARN_BOOL_CONVERSION = YES;
				CLANG_WARN_COMMA = YES;
				CLANG_WARN_CONSTANT_CONVERSION = YES;
				CLANG_WARN_DEPRECATED_OBJC_IMPLEMENTATIONS = YES;
				CLANG_WARN_DIRECT_OBJC_ISA_USAGE = YES_ERROR;
				CLANG_WARN_DOCUMENTATION_COMMENTS = YES;
				CLANG_WARN_EMPTY_BODY = YES;
				CLANG_WARN_ENUM_CONVERSION = YES;
				CLANG_WARN_INFINITE_RECURSION = YES;
				CLANG_WARN_INT_CONVERSION = YES;
				CLANG_WARN_NON_LITERAL_NULL_CONVERSION = YES;
				CLANG_WARN_OBJC_IMPLICIT_RETAIN_SELF = YES;
				CLANG_WARN_OBJC_LITERAL_CONVERSION = YES;
				CLANG_WARN_OBJC_ROOT_CLASS = YES_ERROR;
				CLANG_WARN_QUOTED_INCLUDE_IN_FRAMEWORK_HEADER = YES;
				CLANG_WARN_RANGE_LOOP_ANALYSIS = YES;
				CLANG_WARN_STRICT_PROTOTYPES = YES;
				CLANG_WARN_SUSPICIOUS_MOVE = YES;
				CLANG_WARN_UNGUARDED_AVAILABILITY = YES_AGGRESSIVE;
				CLANG_WARN_UNREACHABLE_CODE = YES;
				CLANG_WARN__DUPLICATE_METHOD_MATCH = YES;
				COPY_PHASE_STRIP = NO;
				DEBUG_INFORMATION_FORMAT = dwarf;
				ENABLE_STRICT_OBJC_MSGSEND = YES;
				ENABLE_TESTABILITY = YES;
				GCC_C_LANGUAGE_STANDARD = gnu11;
				GCC_DYNAMIC_NO_PIC = NO;
				GCC_NO_COMMON_BLOCKS = YES;
				GCC_OPTIMIZATION_LEVEL = 0;
				GCC_PREPROCESSOR_DEFINITIONS = (
					"DEBUG=1",
					"$(inherited)",
				);
				GCC_WARN_64_TO_32_BIT_CONVERSION = YES;
				GCC_WARN_ABOUT_RETURN_TYPE = YES_ERROR;
				GCC_WARN_UNDECLARED_SELECTOR = YES;
				GCC_WARN_UNINITIALIZED_AUTOS = YES_AGGRESSIVE;
				GCC_WARN_UNUSED_FUNCTION = YES;
				GCC_WARN_UNUSED_VARIABLE = YES;
				MACOSX_DEPLOYMENT_TARGET = 11.3;
				MTL_ENABLE_DEBUG_INFO = INCLUDE_SOURCE;
				MTL_FAST_MATH = YES;
				ONLY_ACTIVE_ARCH = YES;
				SDKROOT = macosx;
				SWIFT_ACTIVE_COMPILATION_CONDITIONS = DEBUG;
				SWIFT_OPTIMIZATION_LEVEL = "-Onone";
			};
			name = Debug;
		};
		3922FF0C26A233E5006EDCD4 /* Release */ = {
			isa = XCBuildConfiguration;
			buildSettings = {
				ALWAYS_SEARCH_USER_PATHS = NO;
				CLANG_ANALYZER_NONNULL = YES;
				CLANG_ANALYZER_NUMBER_OBJECT_CONVERSION = YES_AGGRESSIVE;
				CLANG_CXX_LANGUAGE_STANDARD = "gnu++14";
				CLANG_CXX_LIBRARY = "libc++";
				CLANG_ENABLE_MODULES = YES;
				CLANG_ENABLE_OBJC_ARC = YES;
				CLANG_ENABLE_OBJC_WEAK = YES;
				CLANG_WARN_BLOCK_CAPTURE_AUTORELEASING = YES;
				CLANG_WARN_BOOL_CONVERSION = YES;
				CLANG_WARN_COMMA = YES;
				CLANG_WARN_CONSTANT_CONVERSION = YES;
				CLANG_WARN_DEPRECATED_OBJC_IMPLEMENTATIONS = YES;
				CLANG_WARN_DIRECT_OBJC_ISA_USAGE = YES_ERROR;
				CLANG_WARN_DOCUMENTATION_COMMENTS = YES;
				CLANG_WARN_EMPTY_BODY = YES;
				CLANG_WARN_ENUM_CONVERSION = YES;
				CLANG_WARN_INFINITE_RECURSION = YES;
				CLANG_WARN_INT_CONVERSION = YES;
				CLANG_WARN_NON_LITERAL_NULL_CONVERSION = YES;
				CLANG_WARN_OBJC_IMPLICIT_RETAIN_SELF = YES;
				CLANG_WARN_OBJC_LITERAL_CONVERSION = YES;
				CLANG_WARN_OBJC_ROOT_CLASS = YES_ERROR;
				CLANG_WARN_QUOTED_INCLUDE_IN_FRAMEWORK_HEADER = YES;
				CLANG_WARN_RANGE_LOOP_ANALYSIS = YES;
				CLANG_WARN_STRICT_PROTOTYPES = YES;
				CLANG_WARN_SUSPICIOUS_MOVE = YES;
				CLANG_WARN_UNGUARDED_AVAILABILITY = YES_AGGRESSIVE;
				CLANG_WARN_UNREACHABLE_CODE = YES;
				CLANG_WARN__DUPLICATE_METHOD_MATCH = YES;
				COPY_PHASE_STRIP = NO;
				DEBUG_INFORMATION_FORMAT = "dwarf-with-dsym";
				ENABLE_NS_ASSERTIONS = NO;
				ENABLE_STRICT_OBJC_MSGSEND = YES;
				GCC_C_LANGUAGE_STANDARD = gnu11;
				GCC_NO_COMMON_BLOCKS = YES;
				GCC_WARN_64_TO_32_BIT_CONVERSION = YES;
				GCC_WARN_ABOUT_RETURN_TYPE = YES_ERROR;
				GCC_WARN_UNDECLARED_SELECTOR = YES;
				GCC_WARN_UNINITIALIZED_AUTOS = YES_AGGRESSIVE;
				GCC_WARN_UNUSED_FUNCTION = YES;
				GCC_WARN_UNUSED_VARIABLE = YES;
				MACOSX_DEPLOYMENT_TARGET = 11.3;
				MTL_ENABLE_DEBUG_INFO = NO;
				MTL_FAST_MATH = YES;
				SDKROOT = macosx;
				SWIFT_COMPILATION_MODE = wholemodule;
				SWIFT_OPTIMIZATION_LEVEL = "-O";
			};
			name = Release;
		};
		3922FF0E26A233E5006EDCD4 /* Debug */ = {
			isa = XCBuildConfiguration;
			buildSettings = {
				ASSETCATALOG_COMPILER_APPICON_NAME = AppIcon;
				ASSETCATALOG_COMPILER_GLOBAL_ACCENT_COLOR_NAME = AccentColor;
				CODE_SIGN_ENTITLEMENTS = VideoConcat/VideoConcat.entitlements;
				CODE_SIGN_STYLE = Automatic;
				COMBINE_HIDPI_IMAGES = YES;
				DEVELOPMENT_ASSET_PATHS = "\"VideoConcat/Preview Content\"";
				DEVELOPMENT_TEAM = XAFK8V57HT;
				ENABLE_HARDENED_RUNTIME = YES;
				ENABLE_PREVIEWS = YES;
				INFOPLIST_FILE = VideoConcat/Info.plist;
				LD_RUNPATH_SEARCH_PATHS = (
					"$(inherited)",
					"@executable_path/../Frameworks",
				);
				MACOSX_DEPLOYMENT_TARGET = 11.0;
				PRODUCT_BUNDLE_IDENTIFIER = com.cholanmelly.VideoConcat;
				PRODUCT_NAME = "$(TARGET_NAME)";
				SWIFT_VERSION = 5.0;
			};
			name = Debug;
		};
		3922FF0F26A233E5006EDCD4 /* Release */ = {
			isa = XCBuildConfiguration;
			buildSettings = {
				ASSETCATALOG_COMPILER_APPICON_NAME = AppIcon;
				ASSETCATALOG_COMPILER_GLOBAL_ACCENT_COLOR_NAME = AccentColor;
				CODE_SIGN_ENTITLEMENTS = VideoConcat/VideoConcat.entitlements;
				CODE_SIGN_STYLE = Automatic;
				COMBINE_HIDPI_IMAGES = YES;
				DEVELOPMENT_ASSET_PATHS = "\"VideoConcat/Preview Content\"";
				DEVELOPMENT_TEAM = XAFK8V57HT;
				ENABLE_HARDENED_RUNTIME = YES;
				ENABLE_PREVIEWS = YES;
				INFOPLIST_FILE = VideoConcat/Info.plist;
				LD_RUNPATH_SEARCH_PATHS = (
					"$(inherited)",
					"@executable_path/../Frameworks",
				);
				MACOSX_DEPLOYMENT_TARGET = 11.0;
				PRODUCT_BUNDLE_IDENTIFIER = com.cholanmelly.VideoConcat;
				PRODUCT_NAME = "$(TARGET_NAME)";
				SWIFT_VERSION = 5.0;
			};
			name = Release;
		};
/* End XCBuildConfiguration section */

/* Begin XCConfigurationList section */
		3922FEF826A233E4006EDCD4 /* Build configuration list for PBXProject "VideoConcat" */ = {
			isa = XCConfigurationList;
			buildConfigurations = (
				3922FF0B26A233E5006EDCD4 /* Debug */,
				3922FF0C26A233E5006EDCD4 /* Release */,
			);
			defaultConfigurationIsVisible = 0;
			defaultConfigurationName = Release;
		};
		3922FF0D26A233E5006EDCD4 /* Build configuration list for PBXNativeTarget "VideoConcat" */ = {
			isa = XCConfigurationList;
			buildConfigurations = (
				3922FF0E26A233E5006EDCD4 /* Debug */,
				3922FF0F26A233E5006EDCD4 /* Release */,
			);
			defaultConfigurationIsVisible = 0;
			defaultConfigurationName = Release;
		};
/* End XCConfigurationList section */
	};
	rootObject = 3922FEF526A233E4006EDCD4 /* Project object */;
}
